
Microsoft Visual Studio Solution File, Format Version 12.00
# Visual Studio 15
VisualStudioVersion = 15.0.26228.10
MinimumVisualStudioVersion = 10.0.40219.1
Project("{2150E333-8FDC-42A3-9474-1A3956D46DE8}") = "Boot.Data", "Boot.Data", "{D08E2BB2-D757-4C3B-9778-2E1BB14B8907}"
EndProject
Project("{9A19103F-16F7-4668-BE54-9A1E7A4F7556}") = "NetCoreBoot.Entity", "NetCoreBoot.Entity\NetCoreBoot.Entity.csproj", "{20BFFFB5-415C-487A-AEA6-919A4EACAEE7}"
EndProject
Project("{2150E333-8FDC-42A3-9474-1A3956D46DE8}") = "Boot.Web", "Boot.Web", "{7C272C78-EB68-43F1-AF9E-44B456965088}"
EndProject
Project("{2150E333-8FDC-42A3-9474-1A3956D46DE8}") = "Boot.Test", "Boot.Test", "{91809812-EEB1-4742-8791-22C24B119B0D}"
EndProject
Project("{9A19103F-16F7-4668-BE54-9A1E7A4F7556}") = "NetCoreBoot.DITest", "NetCoreBoot.DITest\NetCoreBoot.DITest.csproj", "{39CBBF7E-E500-46B3-BDC5-CD621125FC0A}"
EndProject
Project("{2150E333-8FDC-42A3-9474-1A3956D46DE8}") = "Boot.Services", "Boot.Services", "{BF567251-0A7B-4E85-AC7E-8A28AF1EA340}"
EndProject
Project("{9A19103F-16F7-4668-BE54-9A1E7A4F7556}") = "NetCoreBoot.Service", "NetCoreBoot.Service\NetCoreBoot.Service.csproj", "{B3A20138-BEE4-413A-801E-F5E95177A591}"
EndProject
Project("{9A19103F-16F7-4668-BE54-9A1E7A4F7556}") = "NetCoreBoot.IService", "NetCoreBoot.IService\NetCoreBoot.IService.csproj", "{0F3D66F1-BC54-4837-BACE-847DDBAFCCB9}"
EndProject
Project("{2150E333-8FDC-42A3-9474-1A3956D46DE8}") = "Boot.Common", "Boot.Common", "{7A5AC5C9-66D4-4444-9F5C-2D7C2CFDD73D}"
EndProject
Project("{9A19103F-16F7-4668-BE54-9A1E7A4F7556}") = "NetCoreBoot.Common", "NetCoreBoot.Common\NetCoreBoot.Common.csproj", "{3E8D1381-A762-4D12-8675-1EAE43DD0FF0}"
EndProject
Project("{9A19103F-16F7-4668-BE54-9A1E7A4F7556}") = "NetCoreBoot.Data", "NetCoreBoot.Data\NetCoreBoot.Data.csproj", "{2A5C486C-A4F5-44B1-B267-42829870E782}"
EndProject
Project("{9A19103F-16F7-4668-BE54-9A1E7A4F7556}") = "NetCoreBoot.CommonApplication", "NetCoreBoot.CommonApplication\NetCoreBoot.CommonApplication.csproj", "{3F8ACD83-87E5-4451-8BFD-4C942849DC4A}"
EndProject
Project("{9A19103F-16F7-4668-BE54-9A1E7A4F7556}") = "MSTest", "MSTest\MSTest.csproj", "{D7830194-7662-46A9-8C45-6F6EF7674033}"
EndProject
Project("{9A19103F-16F7-4668-BE54-9A1E7A4F7556}") = "Admin.Test", "Admin.Test\Admin.Test.csproj", "{07FEF62B-8085-464A-83BB-81670347C5BF}"
EndProject
Project("{9A19103F-16F7-4668-BE54-9A1E7A4F7556}") = "ManagerBoot.Admin", "ManagerBoot.Admin\ManagerBoot.Admin.csproj", "{6BC9E991-A0A7-4019-87C9-6DCB9A302FFD}"
EndProject
Global
	GlobalSection(SolutionConfigurationPlatforms) = preSolution
		Debug|Any CPU = Debug|Any CPU
		Debug|ARM = Debug|ARM
		Debug|x64 = Debug|x64
		Debug|x86 = Debug|x86
		Release|Any CPU = Release|Any CPU
		Release|ARM = Release|ARM
		Release|x64 = Release|x64
		Release|x86 = Release|x86
	EndGlobalSection
	GlobalSection(ProjectConfigurationPlatforms) = postSolution
		{20BFFFB5-415C-487A-AEA6-919A4EACAEE7}.Debug|Any CPU.ActiveCfg = Debug|Any CPU
		{20BFFFB5-415C-487A-AEA6-919A4EACAEE7}.Debug|Any CPU.Build.0 = Debug|Any CPU
		{20BFFFB5-415C-487A-AEA6-919A4EACAEE7}.Debug|ARM.ActiveCfg = Debug|Any CPU
		{20BFFFB5-415C-487A-AEA6-919A4EACAEE7}.Debug|ARM.Build.0 = Debug|Any CPU
		{20BFFFB5-415C-487A-AEA6-919A4EACAEE7}.Debug|x64.ActiveCfg = Debug|Any CPU
		{20BFFFB5-415C-487A-AEA6-919A4EACAEE7}.Debug|x64.Build.0 = Debug|Any CPU
		{20BFFFB5-415C-487A-AEA6-919A4EACAEE7}.Debug|x86.ActiveCfg = Debug|Any CPU
		{20BFFFB5-415C-487A-AEA6-919A4EACAEE7}.Debug|x86.Build.0 = Debug|Any CPU
		{20BFFFB5-415C-487A-AEA6-919A4EACAEE7}.Release|Any CPU.ActiveCfg = Release|Any CPU
		{20BFFFB5-415C-487A-AEA6-919A4EACAEE7}.Release|Any CPU.Build.0 = Release|Any CPU
		{20BFFFB5-415C-487A-AEA6-919A4EACAEE7}.Release|ARM.ActiveCfg = Release|Any CPU
		{20BFFFB5-415C-487A-AEA6-919A4EACAEE7}.Release|ARM.Build.0 = Release|Any CPU
		{20BFFFB5-415C-487A-AEA6-919A4EACAEE7}.Release|x64.ActiveCfg = Release|Any CPU
		{20BFFFB5-415C-487A-AEA6-919A4EACAEE7}.Release|x64.Build.0 = Release|Any CPU
		{20BFFFB5-415C-487A-AEA6-919A4EACAEE7}.Release|x86.ActiveCfg = Release|Any CPU
		{20BFFFB5-415C-487A-AEA6-919A4EACAEE7}.Release|x86.Build.0 = Release|Any CPU
		{39CBBF7E-E500-46B3-BDC5-CD621125FC0A}.Debug|Any CPU.ActiveCfg = Debug|Any CPU
		{39CBBF7E-E500-46B3-BDC5-CD621125FC0A}.Debug|Any CPU.Build.0 = Debug|Any CPU
		{39CBBF7E-E500-46B3-BDC5-CD621125FC0A}.Debug|ARM.ActiveCfg = Debug|Any CPU
		{39CBBF7E-E500-46B3-BDC5-CD621125FC0A}.Debug|ARM.Build.0 = Debug|Any CPU
		{39CBBF7E-E500-46B3-BDC5-CD621125FC0A}.Debug|x64.ActiveCfg = Debug|Any CPU
		{39CBBF7E-E500-46B3-BDC5-CD621125FC0A}.Debug|x64.Build.0 = Debug|Any CPU
		{39CBBF7E-E500-46B3-BDC5-CD621125FC0A}.Debug|x86.ActiveCfg = Debug|Any CPU
		{39CBBF7E-E500-46B3-BDC5-CD621125FC0A}.Debug|x86.Build.0 = Debug|Any CPU
		{39CBBF7E-E500-46B3-BDC5-CD621125FC0A}.Release|Any CPU.ActiveCfg = Release|Any CPU
		{39CBBF7E-E500-46B3-BDC5-CD621125FC0A}.Release|Any CPU.Build.0 = Release|Any CPU
		{39CBBF7E-E500-46B3-BDC5-CD621125FC0A}.Release|ARM.ActiveCfg = Release|Any CPU
		{39CBBF7E-E500-46B3-BDC5-CD621125FC0A}.Release|ARM.Build.0 = Release|Any CPU
		{39CBBF7E-E500-46B3-BDC5-CD621125FC0A}.Release|x64.ActiveCfg = Release|Any CPU
		{39CBBF7E-E500-46B3-BDC5-CD621125FC0A}.Release|x64.Build.0 = Release|Any CPU
		{39CBBF7E-E500-46B3-BDC5-CD621125FC0A}.Release|x86.ActiveCfg = Release|Any CPU
		{39CBBF7E-E500-46B3-BDC5-CD621125FC0A}.Release|x86.Build.0 = Release|Any CPU
		{B3A20138-BEE4-413A-801E-F5E95177A591}.Debug|Any CPU.ActiveCfg = Debug|Any CPU
		{B3A20138-BEE4-413A-801E-F5E95177A591}.Debug|Any CPU.Build.0 = Debug|Any CPU
		{B3A20138-BEE4-413A-801E-F5E95177A591}.Debug|ARM.ActiveCfg = Debug|Any CPU
		{B3A20138-BEE4-413A-801E-F5E95177A591}.Debug|ARM.Build.0 = Debug|Any CPU
		{B3A20138-BEE4-413A-801E-F5E95177A591}.Debug|x64.ActiveCfg = Debug|Any CPU
		{B3A20138-BEE4-413A-801E-F5E95177A591}.Debug|x64.Build.0 = Debug|Any CPU
		{B3A20138-BEE4-413A-801E-F5E95177A591}.Debug|x86.ActiveCfg = Debug|Any CPU
		{B3A20138-BEE4-413A-801E-F5E95177A591}.Debug|x86.Build.0 = Debug|Any CPU
		{B3A20138-BEE4-413A-801E-F5E95177A591}.Release|Any CPU.ActiveCfg = Release|Any CPU
		{B3A20138-BEE4-413A-801E-F5E95177A591}.Release|Any CPU.Build.0 = Release|Any CPU
		{B3A20138-BEE4-413A-801E-F5E95177A591}.Release|ARM.ActiveCfg = Release|Any CPU
		{B3A20138-BEE4-413A-801E-F5E95177A591}.Release|ARM.Build.0 = Release|Any CPU
		{B3A20138-BEE4-413A-801E-F5E95177A591}.Release|x64.ActiveCfg = Release|Any CPU
		{B3A20138-BEE4-413A-801E-F5E95177A591}.Release|x64.Build.0 = Release|Any CPU
		{B3A20138-BEE4-413A-801E-F5E95177A591}.Release|x86.ActiveCfg = Release|Any CPU
		{B3A20138-BEE4-413A-801E-F5E95177A591}.Release|x86.Build.0 = Release|Any CPU
		{0F3D66F1-BC54-4837-BACE-847DDBAFCCB9}.Debug|Any CPU.ActiveCfg = Debug|Any CPU
		{0F3D66F1-BC54-4837-BACE-847DDBAFCCB9}.Debug|Any CPU.Build.0 = Debug|Any CPU
		{0F3D66F1-BC54-4837-BACE-847DDBAFCCB9}.Debug|ARM.ActiveCfg = Debug|Any CPU
		{0F3D66F1-BC54-4837-BACE-847DDBAFCCB9}.Debug|ARM.Build.0 = Debug|Any CPU
		{0F3D66F1-BC54-4837-BACE-847DDBAFCCB9}.Debug|x64.ActiveCfg = Debug|Any CPU
		{0F3D66F1-BC54-4837-BACE-847DDBAFCCB9}.Debug|x64.Build.0 = Debug|Any CPU
		{0F3D66F1-BC54-4837-BACE-847DDBAFCCB9}.Debug|x86.ActiveCfg = Debug|Any CPU
		{0F3D66F1-BC54-4837-BACE-847DDBAFCCB9}.Debug|x86.Build.0 = Debug|Any CPU
		{0F3D66F1-BC54-4837-BACE-847DDBAFCCB9}.Release|Any CPU.ActiveCfg = Release|Any CPU
		{0F3D66F1-BC54-4837-BACE-847DDBAFCCB9}.Release|Any CPU.Build.0 = Release|Any CPU
		{0F3D66F1-BC54-4837-BACE-847DDBAFCCB9}.Release|ARM.ActiveCfg = Release|Any CPU
		{0F3D66F1-BC54-4837-BACE-847DDBAFCCB9}.Release|ARM.Build.0 = Release|Any CPU
		{0F3D66F1-BC54-4837-BACE-847DDBAFCCB9}.Release|x64.ActiveCfg = Release|Any CPU
		{0F3D66F1-BC54-4837-BACE-847DDBAFCCB9}.Release|x64.Build.0 = Release|Any CPU
		{0F3D66F1-BC54-4837-BACE-847DDBAFCCB9}.Release|x86.ActiveCfg = Release|Any CPU
		{0F3D66F1-BC54-4837-BACE-847DDBAFCCB9}.Release|x86.Build.0 = Release|Any CPU
		{3E8D1381-A762-4D12-8675-1EAE43DD0FF0}.Debug|Any CPU.ActiveCfg = Debug|Any CPU
		{3E8D1381-A762-4D12-8675-1EAE43DD0FF0}.Debug|Any CPU.Build.0 = Debug|Any CPU
		{3E8D1381-A762-4D12-8675-1EAE43DD0FF0}.Debug|ARM.ActiveCfg = Debug|Any CPU
		{3E8D1381-A762-4D12-8675-1EAE43DD0FF0}.Debug|ARM.Build.0 = Debug|Any CPU
		{3E8D1381-A762-4D12-8675-1EAE43DD0FF0}.Debug|x64.ActiveCfg = Debug|Any CPU
		{3E8D1381-A762-4D12-8675-1EAE43DD0FF0}.Debug|x64.Build.0 = Debug|Any CPU
		{3E8D1381-A762-4D12-8675-1EAE43DD0FF0}.Debug|x86.ActiveCfg = Debug|Any CPU
		{3E8D1381-A762-4D12-8675-1EAE43DD0FF0}.Debug|x86.Build.0 = Debug|Any CPU
		{3E8D1381-A762-4D12-8675-1EAE43DD0FF0}.Release|Any CPU.ActiveCfg = Release|Any CPU
		{3E8D1381-A762-4D12-8675-1EAE43DD0FF0}.Release|Any CPU.Build.0 = Release|Any CPU
		{3E8D1381-A762-4D12-8675-1EAE43DD0FF0}.Release|ARM.ActiveCfg = Release|Any CPU
		{3E8D1381-A762-4D12-8675-1EAE43DD0FF0}.Release|ARM.Build.0 = Release|Any CPU
		{3E8D1381-A762-4D12-8675-1EAE43DD0FF0}.Release|x64.ActiveCfg = Release|Any CPU
		{3E8D1381-A762-4D12-8675-1EAE43DD0FF0}.Release|x64.Build.0 = Release|Any CPU
		{3E8D1381-A762-4D12-8675-1EAE43DD0FF0}.Release|x86.ActiveCfg = Release|Any CPU
		{3E8D1381-A762-4D12-8675-1EAE43DD0FF0}.Release|x86.Build.0 = Release|Any CPU
		{2A5C486C-A4F5-44B1-B267-42829870E782}.Debug|Any CPU.ActiveCfg = Debug|Any CPU
		{2A5C486C-A4F5-44B1-B267-42829870E782}.Debug|Any CPU.Build.0 = Debug|Any CPU
		{2A5C486C-A4F5-44B1-B267-42829870E782}.Debug|ARM.ActiveCfg = Debug|Any CPU
		{2A5C486C-A4F5-44B1-B267-42829870E782}.Debug|ARM.Build.0 = Debug|Any CPU
		{2A5C486C-A4F5-44B1-B267-42829870E782}.Debug|x64.ActiveCfg = Debug|Any CPU
		{2A5C486C-A4F5-44B1-B267-42829870E782}.Debug|x64.Build.0 = Debug|Any CPU
		{2A5C486C-A4F5-44B1-B267-42829870E782}.Debug|x86.ActiveCfg = Debug|Any CPU
		{2A5C486C-A4F5-44B1-B267-42829870E782}.Debug|x86.Build.0 = Debug|Any CPU
		{2A5C486C-A4F5-44B1-B267-42829870E782}.Release|Any CPU.ActiveCfg = Release|Any CPU
		{2A5C486C-A4F5-44B1-B267-42829870E782}.Release|Any CPU.Build.0 = Release|Any CPU
		{2A5C486C-A4F5-44B1-B267-42829870E782}.Release|ARM.ActiveCfg = Release|Any CPU
		{2A5C486C-A4F5-44B1-B267-42829870E782}.Release|ARM.Build.0 = Release|Any CPU
		{2A5C486C-A4F5-44B1-B267-42829870E782}.Release|x64.ActiveCfg = Release|Any CPU
		{2A5C486C-A4F5-44B1-B267-42829870E782}.Release|x64.Build.0 = Release|Any CPU
		{2A5C486C-A4F5-44B1-B267-42829870E782}.Release|x86.ActiveCfg = Release|Any CPU
		{2A5C486C-A4F5-44B1-B267-42829870E782}.Release|x86.Build.0 = Release|Any CPU
		{3F8ACD83-87E5-4451-8BFD-4C942849DC4A}.Debug|Any CPU.ActiveCfg = Debug|Any CPU
		{3F8ACD83-87E5-4451-8BFD-4C942849DC4A}.Debug|Any CPU.Build.0 = Debug|Any CPU
		{3F8ACD83-87E5-4451-8BFD-4C942849DC4A}.Debug|ARM.ActiveCfg = Debug|Any CPU
		{3F8ACD83-87E5-4451-8BFD-4C942849DC4A}.Debug|ARM.Build.0 = Debug|Any CPU
		{3F8ACD83-87E5-4451-8BFD-4C942849DC4A}.Debug|x64.ActiveCfg = Debug|Any CPU
		{3F8ACD83-87E5-4451-8BFD-4C942849DC4A}.Debug|x64.Build.0 = Debug|Any CPU
		{3F8ACD83-87E5-4451-8BFD-4C942849DC4A}.Debug|x86.ActiveCfg = Debug|Any CPU
		{3F8ACD83-87E5-4451-8BFD-4C942849DC4A}.Debug|x86.Build.0 = Debug|Any CPU
		{3F8ACD83-87E5-4451-8BFD-4C942849DC4A}.Release|Any CPU.ActiveCfg = Release|Any CPU
		{3F8ACD83-87E5-4451-8BFD-4C942849DC4A}.Release|Any CPU.Build.0 = Release|Any CPU
		{3F8ACD83-87E5-4451-8BFD-4C942849DC4A}.Release|ARM.ActiveCfg = Release|Any CPU
		{3F8ACD83-87E5-4451-8BFD-4C942849DC4A}.Release|ARM.Build.0 = Release|Any CPU
		{3F8ACD83-87E5-4451-8BFD-4C942849DC4A}.Release|x64.ActiveCfg = Release|Any CPU
		{3F8ACD83-87E5-4451-8BFD-4C942849DC4A}.Release|x64.Build.0 = Release|Any CPU
		{3F8ACD83-87E5-4451-8BFD-4C942849DC4A}.Release|x86.ActiveCfg = Release|Any CPU
		{3F8ACD83-87E5-4451-8BFD-4C942849DC4A}.Release|x86.Build.0 = Release|Any CPU
		{D7830194-7662-46A9-8C45-6F6EF7674033}.Debug|Any CPU.ActiveCfg = Debug|Any CPU
		{D7830194-7662-46A9-8C45-6F6EF7674033}.Debug|Any CPU.Build.0 = Debug|Any CPU
		{D7830194-7662-46A9-8C45-6F6EF7674033}.Debug|ARM.ActiveCfg = Debug|Any CPU
		{D7830194-7662-46A9-8C45-6F6EF7674033}.Debug|ARM.Build.0 = Debug|Any CPU
		{D7830194-7662-46A9-8C45-6F6EF7674033}.Debug|x64.ActiveCfg = Debug|Any CPU
		{D7830194-7662-46A9-8C45-6F6EF7674033}.Debug|x64.Build.0 = Debug|Any CPU
		{D7830194-7662-46A9-8C45-6F6EF7674033}.Debug|x86.ActiveCfg = Debug|Any CPU
		{D7830194-7662-46A9-8C45-6F6EF7674033}.Debug|x86.Build.0 = Debug|Any CPU
		{D7830194-7662-46A9-8C45-6F6EF7674033}.Release|Any CPU.ActiveCfg = Release|Any CPU
		{D7830194-7662-46A9-8C45-6F6EF7674033}.Release|Any CPU.Build.0 = Release|Any CPU
		{D7830194-7662-46A9-8C45-6F6EF7674033}.Release|ARM.ActiveCfg = Release|Any CPU
		{D7830194-7662-46A9-8C45-6F6EF7674033}.Release|ARM.Build.0 = Release|Any CPU
		{D7830194-7662-46A9-8C45-6F6EF7674033}.Release|x64.ActiveCfg = Release|Any CPU
		{D7830194-7662-46A9-8C45-6F6EF7674033}.Release|x64.Build.0 = Release|Any CPU
		{D7830194-7662-46A9-8C45-6F6EF7674033}.Release|x86.ActiveCfg = Release|Any CPU
		{D7830194-7662-46A9-8C45-6F6EF7674033}.Release|x86.Build.0 = Release|Any CPU
		{07FEF62B-8085-464A-83BB-81670347C5BF}.Debug|Any CPU.ActiveCfg = Debug|Any CPU
		{07FEF62B-8085-464A-83BB-81670347C5BF}.Debug|Any CPU.Build.0 = Debug|Any CPU
		{07FEF62B-8085-464A-83BB-81670347C5BF}.Debug|ARM.ActiveCfg = Debug|Any CPU
		{07FEF62B-8085-464A-83BB-81670347C5BF}.Debug|ARM.Build.0 = Debug|Any CPU
		{07FEF62B-8085-464A-83BB-81670347C5BF}.Debug|x64.ActiveCfg = Debug|Any CPU
		{07FEF62B-8085-464A-83BB-81670347C5BF}.Debug|x64.Build.0 = Debug|Any CPU
		{07FEF62B-8085-464A-83BB-81670347C5BF}.Debug|x86.ActiveCfg = Debug|Any CPU
		{07FEF62B-8085-464A-83BB-81670347C5BF}.Debug|x86.Build.0 = Debug|Any CPU
		{07FEF62B-8085-464A-83BB-81670347C5BF}.Release|Any CPU.ActiveCfg = Release|Any CPU
		{07FEF62B-8085-464A-83BB-81670347C5BF}.Release|Any CPU.Build.0 = Release|Any CPU
		{07FEF62B-8085-464A-83BB-81670347C5BF}.Release|ARM.ActiveCfg = Release|Any CPU
		{07FEF62B-8085-464A-83BB-81670347C5BF}.Release|ARM.Build.0 = Release|Any CPU
		{07FEF62B-8085-464A-83BB-81670347C5BF}.Release|x64.ActiveCfg = Release|Any CPU
		{07FEF62B-8085-464A-83BB-81670347C5BF}.Release|x64.Build.0 = Release|Any CPU
		{07FEF62B-8085-464A-83BB-81670347C5BF}.Release|x86.ActiveCfg = Release|Any CPU
		{07FEF62B-8085-464A-83BB-81670347C5BF}.Release|x86.Build.0 = Release|Any CPU
		{6BC9E991-A0A7-4019-87C9-6DCB9A302FFD}.Debug|Any CPU.ActiveCfg = Debug|Any CPU
		{6BC9E991-A0A7-4019-87C9-6DCB9A302FFD}.Debug|Any CPU.Build.0 = Debug|Any CPU
		{6BC9E991-A0A7-4019-87C9-6DCB9A302FFD}.Debug|ARM.ActiveCfg = Debug|Any CPU
		{6BC9E991-A0A7-4019-87C9-6DCB9A302FFD}.Debug|ARM.Build.0 = Debug|Any CPU
		{6BC9E991-A0A7-4019-87C9-6DCB9A302FFD}.Debug|x64.ActiveCfg = Debug|Any CPU
		{6BC9E991-A0A7-4019-87C9-6DCB9A302FFD}.Debug|x64.Build.0 = Debug|Any CPU
		{6BC9E991-A0A7-4019-87C9-6DCB9A302FFD}.Debug|x86.ActiveCfg = Debug|Any CPU
		{6BC9E991-A0A7-4019-87C9-6DCB9A302FFD}.Debug|x86.Build.0 = Debug|Any CPU
		{6BC9E991-A0A7-4019-87C9-6DCB9A302FFD}.Release|Any CPU.ActiveCfg = Release|Any CPU
		{6BC9E991-A0A7-4019-87C9-6DCB9A302FFD}.Release|Any CPU.Build.0 = Release|Any CPU
		{6BC9E991-A0A7-4019-87C9-6DCB9A302FFD}.Release|ARM.ActiveCfg = Release|Any CPU
		{6BC9E991-A0A7-4019-87C9-6DCB9A302FFD}.Release|ARM.Build.0 = Release|Any CPU
		{6BC9E991-A0A7-4019-87C9-6DCB9A302FFD}.Release|x64.ActiveCfg = Release|Any CPU
		{6BC9E991-A0A7-4019-87C9-6DCB9A302FFD}.Release|x64.Build.0 = Release|Any CPU
		{6BC9E991-A0A7-4019-87C9-6DCB9A302FFD}.Release|x86.ActiveCfg = Release|Any CPU
		{6BC9E991-A0A7-4019-87C9-6DCB9A302FFD}.Release|x86.Build.0 = Release|Any CPU
	EndGlobalSection
	GlobalSection(SolutionProperties) = preSolution
		HideSolutionNode = FALSE
	EndGlobalSection
	GlobalSection(NestedProjects) = preSolution
		{20BFFFB5-415C-487A-AEA6-919A4EACAEE7} = {D08E2BB2-D757-4C3B-9778-2E1BB14B8907}
		{39CBBF7E-E500-46B3-BDC5-CD621125FC0A} = {91809812-EEB1-4742-8791-22C24B119B0D}
		{B3A20138-BEE4-413A-801E-F5E95177A591} = {BF567251-0A7B-4E85-AC7E-8A28AF1EA340}
		{0F3D66F1-BC54-4837-BACE-847DDBAFCCB9} = {BF567251-0A7B-4E85-AC7E-8A28AF1EA340}
		{3E8D1381-A762-4D12-8675-1EAE43DD0FF0} = {7A5AC5C9-66D4-4444-9F5C-2D7C2CFDD73D}
		{2A5C486C-A4F5-44B1-B267-42829870E782} = {D08E2BB2-D757-4C3B-9778-2E1BB14B8907}
		{3F8ACD83-87E5-4451-8BFD-4C942849DC4A} = {7A5AC5C9-66D4-4444-9F5C-2D7C2CFDD73D}
		{D7830194-7662-46A9-8C45-6F6EF7674033} = {91809812-EEB1-4742-8791-22C24B119B0D}
		{07FEF62B-8085-464A-83BB-81670347C5BF} = {91809812-EEB1-4742-8791-22C24B119B0D}
		{6BC9E991-A0A7-4019-87C9-6DCB9A302FFD} = {7C272C78-EB68-43F1-AF9E-44B456965088}
	EndGlobalSection
	GlobalSection(ExtensibilityGlobals) = postSolution
		EnterpriseLibraryConfigurationToolBinariesPathV6 = packages\EnterpriseLibrary.Common.6.0.1304.0\lib\NET45;packages\EnterpriseLibrary.Data.6.0.1304.0\lib\NET45
		SolutionGuid = {99E116B0-B14F-41A6-9F0E-291776234739}
	EndGlobalSection
EndGlobal
