
Microsoft Visual Studio Solution File, Format Version 12.00
# Visual Studio 15
VisualStudioVersion = 15.0.26228.10
MinimumVisualStudioVersion = 10.0.40219.1
Project("{2150E333-8FDC-42A3-9474-1A3956D46DE8}") = "Boot.Data", "Boot.Data", "{D08E2BB2-D757-4C3B-9778-2E1BB14B8907}"
EndProject
Project("{9A19103F-16F7-4668-BE54-9A1E7A4F7556}") = "NetCoreBoot.Entity", "NetCoreBoot.Entity\NetCoreBoot.Entity.csproj", "{20BFFFB5-415C-487A-AEA6-919A4EACAEE7}"
EndProject
Project("{2150E333-8FDC-42A3-9474-1A3956D46DE8}") = "Boot.Web", "Boot.Web", "{7C272C78-EB68-43F1-AF9E-44B456965088}"
EndProject
Project("{2150E333-8FDC-42A3-9474-1A3956D46DE8}") = "Boot.Test", "Boot.Test", "{91809812-EEB1-4742-8791-22C24B119B0D}"
EndProject
Project("{2150E333-8FDC-42A3-9474-1A3956D46DE8}") = "Boot.Services", "Boot.Services", "{BF567251-0A7B-4E85-AC7E-8A28AF1EA340}"
EndProject
Project("{9A19103F-16F7-4668-BE54-9A1E7A4F7556}") = "NetCoreBoot.Service", "NetCoreBoot.Service\NetCoreBoot.Service.csproj", "{B3A20138-BEE4-413A-801E-F5E95177A591}"
EndProject
Project("{9A19103F-16F7-4668-BE54-9A1E7A4F7556}") = "NetCoreBoot.IService", "NetCoreBoot.IService\NetCoreBoot.IService.csproj", "{0F3D66F1-BC54-4837-BACE-847DDBAFCCB9}"
EndProject
Project("{2150E333-8FDC-42A3-9474-1A3956D46DE8}") = "Boot.Infrastructure", "Boot.Infrastructure", "{7A5AC5C9-66D4-4444-9F5C-2D7C2CFDD73D}"
EndProject
Project("{9A19103F-16F7-4668-BE54-9A1E7A4F7556}") = "NetCoreBoot.Common", "NetCoreBoot.Common\NetCoreBoot.Common.csproj", "{3E8D1381-A762-4D12-8675-1EAE43DD0FF0}"
EndProject
Project("{9A19103F-16F7-4668-BE54-9A1E7A4F7556}") = "NetCoreBoot.Data", "NetCoreBoot.Data\NetCoreBoot.Data.csproj", "{2A5C486C-A4F5-44B1-B267-42829870E782}"
EndProject
Project("{9A19103F-16F7-4668-BE54-9A1E7A4F7556}") = "NetCoreBoot.Core", "NetCoreBoot.CommonApplication\NetCoreBoot.Core.csproj", "{3F8ACD83-87E5-4451-8BFD-4C942849DC4A}"
EndProject
Project("{9A19103F-16F7-4668-BE54-9A1E7A4F7556}") = "ManagerBoot.Admin", "ManagerBoot.Admin\ManagerBoot.Admin.csproj", "{6BC9E991-A0A7-4019-87C9-6DCB9A302FFD}"
EndProject
Project("{9A19103F-16F7-4668-BE54-9A1E7A4F7556}") = "Display.Site", "Display.Site\Display.Site.csproj", "{02FB0CE3-99E4-4E5C-8EE0-CD4660D23D6E}"
EndProject
Project("{2150E333-8FDC-42A3-9474-1A3956D46DE8}") = "Boot.Repository", "Boot.Repository", "{3A732B3D-F9DF-4DAF-B9E0-7FEA86501D54}"
EndProject
Project("{9A19103F-16F7-4668-BE54-9A1E7A4F7556}") = "NetCoreBoot.IRepository", "NetCoreBoot.IRepository\NetCoreBoot.IRepository.csproj", "{7FC160A0-A747-45BA-BCFB-D13F8C69E8ED}"
EndProject
Project("{FAE04EC0-301F-11D3-BF4B-00C04F79EFBC}") = "NetCoreBoot.UnitTest", "NetCoreBoot.UnitTest\NetCoreBoot.UnitTest.csproj", "{8EE3A144-B331-43C9-86A1-EA3FF12CD25D}"
EndProject
Project("{FAE04EC0-301F-11D3-BF4B-00C04F79EFBC}") = "NetCoreBoot.Repository.MySql", "NetCoreBoot.Repository.MySql\NetCoreBoot.Repository.MySql.csproj", "{69A23909-F76E-4CDF-BE35-F649E0E30DEE}"
EndProject
Global
	GlobalSection(SolutionConfigurationPlatforms) = preSolution
		Debug|Any CPU = Debug|Any CPU
		Debug|ARM = Debug|ARM
		Debug|x64 = Debug|x64
		Debug|x86 = Debug|x86
		Release|Any CPU = Release|Any CPU
		Release|ARM = Release|ARM
		Release|x64 = Release|x64
		Release|x86 = Release|x86
	EndGlobalSection
	GlobalSection(ProjectConfigurationPlatforms) = postSolution
		{20BFFFB5-415C-487A-AEA6-919A4EACAEE7}.Debug|Any CPU.ActiveCfg = Debug|Any CPU
		{20BFFFB5-415C-487A-AEA6-919A4EACAEE7}.Debug|Any CPU.Build.0 = Debug|Any CPU
		{20BFFFB5-415C-487A-AEA6-919A4EACAEE7}.Debug|ARM.ActiveCfg = Debug|Any CPU
		{20BFFFB5-415C-487A-AEA6-919A4EACAEE7}.Debug|ARM.Build.0 = Debug|Any CPU
		{20BFFFB5-415C-487A-AEA6-919A4EACAEE7}.Debug|x64.ActiveCfg = Debug|Any CPU
		{20BFFFB5-415C-487A-AEA6-919A4EACAEE7}.Debug|x64.Build.0 = Debug|Any CPU
		{20BFFFB5-415C-487A-AEA6-919A4EACAEE7}.Debug|x86.ActiveCfg = Debug|Any CPU
		{20BFFFB5-415C-487A-AEA6-919A4EACAEE7}.Debug|x86.Build.0 = Debug|Any CPU
		{20BFFFB5-415C-487A-AEA6-919A4EACAEE7}.Release|Any CPU.ActiveCfg = Release|Any CPU
		{20BFFFB5-415C-487A-AEA6-919A4EACAEE7}.Release|Any CPU.Build.0 = Release|Any CPU
		{20BFFFB5-415C-487A-AEA6-919A4EACAEE7}.Release|ARM.ActiveCfg = Release|Any CPU
		{20BFFFB5-415C-487A-AEA6-919A4EACAEE7}.Release|ARM.Build.0 = Release|Any CPU
		{20BFFFB5-415C-487A-AEA6-919A4EACAEE7}.Release|x64.ActiveCfg = Release|Any CPU
		{20BFFFB5-415C-487A-AEA6-919A4EACAEE7}.Release|x64.Build.0 = Release|Any CPU
		{20BFFFB5-415C-487A-AEA6-919A4EACAEE7}.Release|x86.ActiveCfg = Release|Any CPU
		{20BFFFB5-415C-487A-AEA6-919A4EACAEE7}.Release|x86.Build.0 = Release|Any CPU
		{B3A20138-BEE4-413A-801E-F5E95177A591}.Debug|Any CPU.ActiveCfg = Debug|Any CPU
		{B3A20138-BEE4-413A-801E-F5E95177A591}.Debug|Any CPU.Build.0 = Debug|Any CPU
		{B3A20138-BEE4-413A-801E-F5E95177A591}.Debug|ARM.ActiveCfg = Debug|Any CPU
		{B3A20138-BEE4-413A-801E-F5E95177A591}.Debug|ARM.Build.0 = Debug|Any CPU
		{B3A20138-BEE4-413A-801E-F5E95177A591}.Debug|x64.ActiveCfg = Debug|Any CPU
		{B3A20138-BEE4-413A-801E-F5E95177A591}.Debug|x64.Build.0 = Debug|Any CPU
		{B3A20138-BEE4-413A-801E-F5E95177A591}.Debug|x86.ActiveCfg = Debug|Any CPU
		{B3A20138-BEE4-413A-801E-F5E95177A591}.Debug|x86.Build.0 = Debug|Any CPU
		{B3A20138-BEE4-413A-801E-F5E95177A591}.Release|Any CPU.ActiveCfg = Release|Any CPU
		{B3A20138-BEE4-413A-801E-F5E95177A591}.Release|Any CPU.Build.0 = Release|Any CPU
		{B3A20138-BEE4-413A-801E-F5E95177A591}.Release|ARM.ActiveCfg = Release|Any CPU
		{B3A20138-BEE4-413A-801E-F5E95177A591}.Release|ARM.Build.0 = Release|Any CPU
		{B3A20138-BEE4-413A-801E-F5E95177A591}.Release|x64.ActiveCfg = Release|Any CPU
		{B3A20138-BEE4-413A-801E-F5E95177A591}.Release|x64.Build.0 = Release|Any CPU
		{B3A20138-BEE4-413A-801E-F5E95177A591}.Release|x86.ActiveCfg = Release|Any CPU
		{B3A20138-BEE4-413A-801E-F5E95177A591}.Release|x86.Build.0 = Release|Any CPU
		{0F3D66F1-BC54-4837-BACE-847DDBAFCCB9}.Debug|Any CPU.ActiveCfg = Debug|Any CPU
		{0F3D66F1-BC54-4837-BACE-847DDBAFCCB9}.Debug|Any CPU.Build.0 = Debug|Any CPU
		{0F3D66F1-BC54-4837-BACE-847DDBAFCCB9}.Debug|ARM.ActiveCfg = Debug|Any CPU
		{0F3D66F1-BC54-4837-BACE-847DDBAFCCB9}.Debug|ARM.Build.0 = Debug|Any CPU
		{0F3D66F1-BC54-4837-BACE-847DDBAFCCB9}.Debug|x64.ActiveCfg = Debug|Any CPU
		{0F3D66F1-BC54-4837-BACE-847DDBAFCCB9}.Debug|x64.Build.0 = Debug|Any CPU
		{0F3D66F1-BC54-4837-BACE-847DDBAFCCB9}.Debug|x86.ActiveCfg = Debug|Any CPU
		{0F3D66F1-BC54-4837-BACE-847DDBAFCCB9}.Debug|x86.Build.0 = Debug|Any CPU
		{0F3D66F1-BC54-4837-BACE-847DDBAFCCB9}.Release|Any CPU.ActiveCfg = Release|Any CPU
		{0F3D66F1-BC54-4837-BACE-847DDBAFCCB9}.Release|Any CPU.Build.0 = Release|Any CPU
		{0F3D66F1-BC54-4837-BACE-847DDBAFCCB9}.Release|ARM.ActiveCfg = Release|Any CPU
		{0F3D66F1-BC54-4837-BACE-847DDBAFCCB9}.Release|ARM.Build.0 = Release|Any CPU
		{0F3D66F1-BC54-4837-BACE-847DDBAFCCB9}.Release|x64.ActiveCfg = Release|Any CPU
		{0F3D66F1-BC54-4837-BACE-847DDBAFCCB9}.Release|x64.Build.0 = Release|Any CPU
		{0F3D66F1-BC54-4837-BACE-847DDBAFCCB9}.Release|x86.ActiveCfg = Release|Any CPU
		{0F3D66F1-BC54-4837-BACE-847DDBAFCCB9}.Release|x86.Build.0 = Release|Any CPU
		{3E8D1381-A762-4D12-8675-1EAE43DD0FF0}.Debug|Any CPU.ActiveCfg = Debug|Any CPU
		{3E8D1381-A762-4D12-8675-1EAE43DD0FF0}.Debug|Any CPU.Build.0 = Debug|Any CPU
		{3E8D1381-A762-4D12-8675-1EAE43DD0FF0}.Debug|ARM.ActiveCfg = Debug|Any CPU
		{3E8D1381-A762-4D12-8675-1EAE43DD0FF0}.Debug|ARM.Build.0 = Debug|Any CPU
		{3E8D1381-A762-4D12-8675-1EAE43DD0FF0}.Debug|x64.ActiveCfg = Debug|Any CPU
		{3E8D1381-A762-4D12-8675-1EAE43DD0FF0}.Debug|x64.Build.0 = Debug|Any CPU
		{3E8D1381-A762-4D12-8675-1EAE43DD0FF0}.Debug|x86.ActiveCfg = Debug|Any CPU
		{3E8D1381-A762-4D12-8675-1EAE43DD0FF0}.Debug|x86.Build.0 = Debug|Any CPU
		{3E8D1381-A762-4D12-8675-1EAE43DD0FF0}.Release|Any CPU.ActiveCfg = Release|Any CPU
		{3E8D1381-A762-4D12-8675-1EAE43DD0FF0}.Release|Any CPU.Build.0 = Release|Any CPU
		{3E8D1381-A762-4D12-8675-1EAE43DD0FF0}.Release|ARM.ActiveCfg = Release|Any CPU
		{3E8D1381-A762-4D12-8675-1EAE43DD0FF0}.Release|ARM.Build.0 = Release|Any CPU
		{3E8D1381-A762-4D12-8675-1EAE43DD0FF0}.Release|x64.ActiveCfg = Release|Any CPU
		{3E8D1381-A762-4D12-8675-1EAE43DD0FF0}.Release|x64.Build.0 = Release|Any CPU
		{3E8D1381-A762-4D12-8675-1EAE43DD0FF0}.Release|x86.ActiveCfg = Release|Any CPU
		{3E8D1381-A762-4D12-8675-1EAE43DD0FF0}.Release|x86.Build.0 = Release|Any CPU
		{2A5C486C-A4F5-44B1-B267-42829870E782}.Debug|Any CPU.ActiveCfg = Debug|Any CPU
		{2A5C486C-A4F5-44B1-B267-42829870E782}.Debug|Any CPU.Build.0 = Debug|Any CPU
		{2A5C486C-A4F5-44B1-B267-42829870E782}.Debug|ARM.ActiveCfg = Debug|Any CPU
		{2A5C486C-A4F5-44B1-B267-42829870E782}.Debug|ARM.Build.0 = Debug|Any CPU
		{2A5C486C-A4F5-44B1-B267-42829870E782}.Debug|x64.ActiveCfg = Debug|Any CPU
		{2A5C486C-A4F5-44B1-B267-42829870E782}.Debug|x64.Build.0 = Debug|Any CPU
		{2A5C486C-A4F5-44B1-B267-42829870E782}.Debug|x86.ActiveCfg = Debug|Any CPU
		{2A5C486C-A4F5-44B1-B267-42829870E782}.Debug|x86.Build.0 = Debug|Any CPU
		{2A5C486C-A4F5-44B1-B267-42829870E782}.Release|Any CPU.ActiveCfg = Release|Any CPU
		{2A5C486C-A4F5-44B1-B267-42829870E782}.Release|Any CPU.Build.0 = Release|Any CPU
		{2A5C486C-A4F5-44B1-B267-42829870E782}.Release|ARM.ActiveCfg = Release|Any CPU
		{2A5C486C-A4F5-44B1-B267-42829870E782}.Release|ARM.Build.0 = Release|Any CPU
		{2A5C486C-A4F5-44B1-B267-42829870E782}.Release|x64.ActiveCfg = Release|Any CPU
		{2A5C486C-A4F5-44B1-B267-42829870E782}.Release|x64.Build.0 = Release|Any CPU
		{2A5C486C-A4F5-44B1-B267-42829870E782}.Release|x86.ActiveCfg = Release|Any CPU
		{2A5C486C-A4F5-44B1-B267-42829870E782}.Release|x86.Build.0 = Release|Any CPU
		{3F8ACD83-87E5-4451-8BFD-4C942849DC4A}.Debug|Any CPU.ActiveCfg = Debug|Any CPU
		{3F8ACD83-87E5-4451-8BFD-4C942849DC4A}.Debug|Any CPU.Build.0 = Debug|Any CPU
		{3F8ACD83-87E5-4451-8BFD-4C942849DC4A}.Debug|ARM.ActiveCfg = Debug|Any CPU
		{3F8ACD83-87E5-4451-8BFD-4C942849DC4A}.Debug|ARM.Build.0 = Debug|Any CPU
		{3F8ACD83-87E5-4451-8BFD-4C942849DC4A}.Debug|x64.ActiveCfg = Debug|Any CPU
		{3F8ACD83-87E5-4451-8BFD-4C942849DC4A}.Debug|x64.Build.0 = Debug|Any CPU
		{3F8ACD83-87E5-4451-8BFD-4C942849DC4A}.Debug|x86.ActiveCfg = Debug|Any CPU
		{3F8ACD83-87E5-4451-8BFD-4C942849DC4A}.Debug|x86.Build.0 = Debug|Any CPU
		{3F8ACD83-87E5-4451-8BFD-4C942849DC4A}.Release|Any CPU.ActiveCfg = Release|Any CPU
		{3F8ACD83-87E5-4451-8BFD-4C942849DC4A}.Release|Any CPU.Build.0 = Release|Any CPU
		{3F8ACD83-87E5-4451-8BFD-4C942849DC4A}.Release|ARM.ActiveCfg = Release|Any CPU
		{3F8ACD83-87E5-4451-8BFD-4C942849DC4A}.Release|ARM.Build.0 = Release|Any CPU
		{3F8ACD83-87E5-4451-8BFD-4C942849DC4A}.Release|x64.ActiveCfg = Release|Any CPU
		{3F8ACD83-87E5-4451-8BFD-4C942849DC4A}.Release|x64.Build.0 = Release|Any CPU
		{3F8ACD83-87E5-4451-8BFD-4C942849DC4A}.Release|x86.ActiveCfg = Release|Any CPU
		{3F8ACD83-87E5-4451-8BFD-4C942849DC4A}.Release|x86.Build.0 = Release|Any CPU
		{6BC9E991-A0A7-4019-87C9-6DCB9A302FFD}.Debug|Any CPU.ActiveCfg = Debug|Any CPU
		{6BC9E991-A0A7-4019-87C9-6DCB9A302FFD}.Debug|Any CPU.Build.0 = Debug|Any CPU
		{6BC9E991-A0A7-4019-87C9-6DCB9A302FFD}.Debug|ARM.ActiveCfg = Debug|Any CPU
		{6BC9E991-A0A7-4019-87C9-6DCB9A302FFD}.Debug|ARM.Build.0 = Debug|Any CPU
		{6BC9E991-A0A7-4019-87C9-6DCB9A302FFD}.Debug|x64.ActiveCfg = Debug|Any CPU
		{6BC9E991-A0A7-4019-87C9-6DCB9A302FFD}.Debug|x64.Build.0 = Debug|Any CPU
		{6BC9E991-A0A7-4019-87C9-6DCB9A302FFD}.Debug|x86.ActiveCfg = Debug|Any CPU
		{6BC9E991-A0A7-4019-87C9-6DCB9A302FFD}.Debug|x86.Build.0 = Debug|Any CPU
		{6BC9E991-A0A7-4019-87C9-6DCB9A302FFD}.Release|Any CPU.ActiveCfg = Release|Any CPU
		{6BC9E991-A0A7-4019-87C9-6DCB9A302FFD}.Release|Any CPU.Build.0 = Release|Any CPU
		{6BC9E991-A0A7-4019-87C9-6DCB9A302FFD}.Release|ARM.ActiveCfg = Release|Any CPU
		{6BC9E991-A0A7-4019-87C9-6DCB9A302FFD}.Release|ARM.Build.0 = Release|Any CPU
		{6BC9E991-A0A7-4019-87C9-6DCB9A302FFD}.Release|x64.ActiveCfg = Release|Any CPU
		{6BC9E991-A0A7-4019-87C9-6DCB9A302FFD}.Release|x64.Build.0 = Release|Any CPU
		{6BC9E991-A0A7-4019-87C9-6DCB9A302FFD}.Release|x86.ActiveCfg = Release|Any CPU
		{6BC9E991-A0A7-4019-87C9-6DCB9A302FFD}.Release|x86.Build.0 = Release|Any CPU
		{02FB0CE3-99E4-4E5C-8EE0-CD4660D23D6E}.Debug|Any CPU.ActiveCfg = Debug|Any CPU
		{02FB0CE3-99E4-4E5C-8EE0-CD4660D23D6E}.Debug|Any CPU.Build.0 = Debug|Any CPU
		{02FB0CE3-99E4-4E5C-8EE0-CD4660D23D6E}.Debug|ARM.ActiveCfg = Debug|Any CPU
		{02FB0CE3-99E4-4E5C-8EE0-CD4660D23D6E}.Debug|ARM.Build.0 = Debug|Any CPU
		{02FB0CE3-99E4-4E5C-8EE0-CD4660D23D6E}.Debug|x64.ActiveCfg = Debug|Any CPU
		{02FB0CE3-99E4-4E5C-8EE0-CD4660D23D6E}.Debug|x64.Build.0 = Debug|Any CPU
		{02FB0CE3-99E4-4E5C-8EE0-CD4660D23D6E}.Debug|x86.ActiveCfg = Debug|Any CPU
		{02FB0CE3-99E4-4E5C-8EE0-CD4660D23D6E}.Debug|x86.Build.0 = Debug|Any CPU
		{02FB0CE3-99E4-4E5C-8EE0-CD4660D23D6E}.Release|Any CPU.ActiveCfg = Release|Any CPU
		{02FB0CE3-99E4-4E5C-8EE0-CD4660D23D6E}.Release|Any CPU.Build.0 = Release|Any CPU
		{02FB0CE3-99E4-4E5C-8EE0-CD4660D23D6E}.Release|ARM.ActiveCfg = Release|Any CPU
		{02FB0CE3-99E4-4E5C-8EE0-CD4660D23D6E}.Release|ARM.Build.0 = Release|Any CPU
		{02FB0CE3-99E4-4E5C-8EE0-CD4660D23D6E}.Release|x64.ActiveCfg = Release|Any CPU
		{02FB0CE3-99E4-4E5C-8EE0-CD4660D23D6E}.Release|x64.Build.0 = Release|Any CPU
		{02FB0CE3-99E4-4E5C-8EE0-CD4660D23D6E}.Release|x86.ActiveCfg = Release|Any CPU
		{02FB0CE3-99E4-4E5C-8EE0-CD4660D23D6E}.Release|x86.Build.0 = Release|Any CPU
		{7FC160A0-A747-45BA-BCFB-D13F8C69E8ED}.Debug|Any CPU.ActiveCfg = Debug|Any CPU
		{7FC160A0-A747-45BA-BCFB-D13F8C69E8ED}.Debug|Any CPU.Build.0 = Debug|Any CPU
		{7FC160A0-A747-45BA-BCFB-D13F8C69E8ED}.Debug|ARM.ActiveCfg = Debug|Any CPU
		{7FC160A0-A747-45BA-BCFB-D13F8C69E8ED}.Debug|ARM.Build.0 = Debug|Any CPU
		{7FC160A0-A747-45BA-BCFB-D13F8C69E8ED}.Debug|x64.ActiveCfg = Debug|Any CPU
		{7FC160A0-A747-45BA-BCFB-D13F8C69E8ED}.Debug|x64.Build.0 = Debug|Any CPU
		{7FC160A0-A747-45BA-BCFB-D13F8C69E8ED}.Debug|x86.ActiveCfg = Debug|Any CPU
		{7FC160A0-A747-45BA-BCFB-D13F8C69E8ED}.Debug|x86.Build.0 = Debug|Any CPU
		{7FC160A0-A747-45BA-BCFB-D13F8C69E8ED}.Release|Any CPU.ActiveCfg = Release|Any CPU
		{7FC160A0-A747-45BA-BCFB-D13F8C69E8ED}.Release|Any CPU.Build.0 = Release|Any CPU
		{7FC160A0-A747-45BA-BCFB-D13F8C69E8ED}.Release|ARM.ActiveCfg = Release|Any CPU
		{7FC160A0-A747-45BA-BCFB-D13F8C69E8ED}.Release|ARM.Build.0 = Release|Any CPU
		{7FC160A0-A747-45BA-BCFB-D13F8C69E8ED}.Release|x64.ActiveCfg = Release|Any CPU
		{7FC160A0-A747-45BA-BCFB-D13F8C69E8ED}.Release|x64.Build.0 = Release|Any CPU
		{7FC160A0-A747-45BA-BCFB-D13F8C69E8ED}.Release|x86.ActiveCfg = Release|Any CPU
		{7FC160A0-A747-45BA-BCFB-D13F8C69E8ED}.Release|x86.Build.0 = Release|Any CPU
		{8EE3A144-B331-43C9-86A1-EA3FF12CD25D}.Debug|Any CPU.ActiveCfg = Debug|Any CPU
		{8EE3A144-B331-43C9-86A1-EA3FF12CD25D}.Debug|Any CPU.Build.0 = Debug|Any CPU
		{8EE3A144-B331-43C9-86A1-EA3FF12CD25D}.Debug|ARM.ActiveCfg = Debug|Any CPU
		{8EE3A144-B331-43C9-86A1-EA3FF12CD25D}.Debug|ARM.Build.0 = Debug|Any CPU
		{8EE3A144-B331-43C9-86A1-EA3FF12CD25D}.Debug|x64.ActiveCfg = Debug|Any CPU
		{8EE3A144-B331-43C9-86A1-EA3FF12CD25D}.Debug|x64.Build.0 = Debug|Any CPU
		{8EE3A144-B331-43C9-86A1-EA3FF12CD25D}.Debug|x86.ActiveCfg = Debug|Any CPU
		{8EE3A144-B331-43C9-86A1-EA3FF12CD25D}.Debug|x86.Build.0 = Debug|Any CPU
		{8EE3A144-B331-43C9-86A1-EA3FF12CD25D}.Release|Any CPU.ActiveCfg = Release|Any CPU
		{8EE3A144-B331-43C9-86A1-EA3FF12CD25D}.Release|Any CPU.Build.0 = Release|Any CPU
		{8EE3A144-B331-43C9-86A1-EA3FF12CD25D}.Release|ARM.ActiveCfg = Release|Any CPU
		{8EE3A144-B331-43C9-86A1-EA3FF12CD25D}.Release|ARM.Build.0 = Release|Any CPU
		{8EE3A144-B331-43C9-86A1-EA3FF12CD25D}.Release|x64.ActiveCfg = Release|Any CPU
		{8EE3A144-B331-43C9-86A1-EA3FF12CD25D}.Release|x64.Build.0 = Release|Any CPU
		{8EE3A144-B331-43C9-86A1-EA3FF12CD25D}.Release|x86.ActiveCfg = Release|Any CPU
		{8EE3A144-B331-43C9-86A1-EA3FF12CD25D}.Release|x86.Build.0 = Release|Any CPU
		{69A23909-F76E-4CDF-BE35-F649E0E30DEE}.Debug|Any CPU.ActiveCfg = Debug|Any CPU
		{69A23909-F76E-4CDF-BE35-F649E0E30DEE}.Debug|Any CPU.Build.0 = Debug|Any CPU
		{69A23909-F76E-4CDF-BE35-F649E0E30DEE}.Debug|ARM.ActiveCfg = Debug|Any CPU
		{69A23909-F76E-4CDF-BE35-F649E0E30DEE}.Debug|ARM.Build.0 = Debug|Any CPU
		{69A23909-F76E-4CDF-BE35-F649E0E30DEE}.Debug|x64.ActiveCfg = Debug|Any CPU
		{69A23909-F76E-4CDF-BE35-F649E0E30DEE}.Debug|x64.Build.0 = Debug|Any CPU
		{69A23909-F76E-4CDF-BE35-F649E0E30DEE}.Debug|x86.ActiveCfg = Debug|Any CPU
		{69A23909-F76E-4CDF-BE35-F649E0E30DEE}.Debug|x86.Build.0 = Debug|Any CPU
		{69A23909-F76E-4CDF-BE35-F649E0E30DEE}.Release|Any CPU.ActiveCfg = Release|Any CPU
		{69A23909-F76E-4CDF-BE35-F649E0E30DEE}.Release|Any CPU.Build.0 = Release|Any CPU
		{69A23909-F76E-4CDF-BE35-F649E0E30DEE}.Release|ARM.ActiveCfg = Release|Any CPU
		{69A23909-F76E-4CDF-BE35-F649E0E30DEE}.Release|ARM.Build.0 = Release|Any CPU
		{69A23909-F76E-4CDF-BE35-F649E0E30DEE}.Release|x64.ActiveCfg = Release|Any CPU
		{69A23909-F76E-4CDF-BE35-F649E0E30DEE}.Release|x64.Build.0 = Release|Any CPU
		{69A23909-F76E-4CDF-BE35-F649E0E30DEE}.Release|x86.ActiveCfg = Release|Any CPU
		{69A23909-F76E-4CDF-BE35-F649E0E30DEE}.Release|x86.Build.0 = Release|Any CPU
	EndGlobalSection
	GlobalSection(SolutionProperties) = preSolution
		HideSolutionNode = FALSE
	EndGlobalSection
	GlobalSection(NestedProjects) = preSolution
		{20BFFFB5-415C-487A-AEA6-919A4EACAEE7} = {D08E2BB2-D757-4C3B-9778-2E1BB14B8907}
		{B3A20138-BEE4-413A-801E-F5E95177A591} = {BF567251-0A7B-4E85-AC7E-8A28AF1EA340}
		{0F3D66F1-BC54-4837-BACE-847DDBAFCCB9} = {BF567251-0A7B-4E85-AC7E-8A28AF1EA340}
		{3E8D1381-A762-4D12-8675-1EAE43DD0FF0} = {7A5AC5C9-66D4-4444-9F5C-2D7C2CFDD73D}
		{2A5C486C-A4F5-44B1-B267-42829870E782} = {D08E2BB2-D757-4C3B-9778-2E1BB14B8907}
		{3F8ACD83-87E5-4451-8BFD-4C942849DC4A} = {7A5AC5C9-66D4-4444-9F5C-2D7C2CFDD73D}
		{6BC9E991-A0A7-4019-87C9-6DCB9A302FFD} = {7C272C78-EB68-43F1-AF9E-44B456965088}
		{02FB0CE3-99E4-4E5C-8EE0-CD4660D23D6E} = {7C272C78-EB68-43F1-AF9E-44B456965088}
		{7FC160A0-A747-45BA-BCFB-D13F8C69E8ED} = {3A732B3D-F9DF-4DAF-B9E0-7FEA86501D54}
		{8EE3A144-B331-43C9-86A1-EA3FF12CD25D} = {91809812-EEB1-4742-8791-22C24B119B0D}
		{69A23909-F76E-4CDF-BE35-F649E0E30DEE} = {3A732B3D-F9DF-4DAF-B9E0-7FEA86501D54}
	EndGlobalSection
	GlobalSection(ExtensibilityGlobals) = postSolution
		EnterpriseLibraryConfigurationToolBinariesPathV6 = packages\EnterpriseLibrary.Common.6.0.1304.0\lib\NET45;packages\EnterpriseLibrary.Data.6.0.1304.0\lib\NET45
		SolutionGuid = {99E116B0-B14F-41A6-9F0E-291776234739}
	EndGlobalSection
EndGlobal
